
Microsoft Visual Studio Solution File, Format Version 12.00
# Visual Studio 15
VisualStudioVersion = 15.0.26430.13
MinimumVisualStudioVersion = 10.0.40219.1
Project("{2150E333-8FDC-42A3-9474-1A3956D46DE8}") = "arduino", "arduino", "{F73B1116-DC7F-4CAF-8D0F-50432162F42A}"
EndProject
Project("{2150E333-8FDC-42A3-9474-1A3956D46DE8}") = "wemos", "wemos", "{5B7090F6-3302-4E5C-B048-DAF8AA6EE7B0}"
EndProject
Project("{2150E333-8FDC-42A3-9474-1A3956D46DE8}") = "lolin", "lolin", "{C2CC47F9-402B-4FE9-8C5F-FA9140631F5F}"
EndProject
Project("{2150E333-8FDC-42A3-9474-1A3956D46DE8}") = "projects", "projects", "{508A42E3-E066-41E6-BE41-6E1E5ED3EB06}"
EndProject
Project("{8BC9CEB8-8B4A-11D0-8D11-00A0C91BC942}") = "ArduinoUNO_Button", "arduino\ArduinoUNO_Button\ArduinoUNO_Button.vcxproj", "{6D3DE5BB-B869-4A96-A347-E21B74B0B5BB}"
EndProject
Project("{8BC9CEB8-8B4A-11D0-8D11-00A0C91BC942}") = "ArduinoUNO_DHT11", "arduino\ArduinoUNO_DHT11\ArduinoUNO_DHT11.vcxproj", "{648BB76B-1C9E-4ACE-91A2-09D5038C292A}"
EndProject
Project("{8BC9CEB8-8B4A-11D0-8D11-00A0C91BC942}") = "ArduinoUNO_FlameSenzor", "arduino\ArduinoUNO_FlameSenzor\ArduinoUNO_FlameSenzor.vcxproj", "{ED3EDFE0-9DD6-42AF-B06E-402B76257BF9}"
EndProject
Project("{8BC9CEB8-8B4A-11D0-8D11-00A0C91BC942}") = "ArduinoUNO_HallMagneticSenzor_DIGITAL", "arduino\ArduinoUNO_HallMagneticSenzor\ArduinoUNO_HallMagneticSenzor.vcxproj", "{AEC10CE9-DD05-466F-B818-9C81182B2116}"
EndProject
Project("{8BC9CEB8-8B4A-11D0-8D11-00A0C91BC942}") = "ArduinoUNO_HallMagneticSenzor_ANALOG", "arduino\ArduinoUNO_HallMagneticSenzor_ANALOG\ArduinoUNO_HallMagneticSenzor_ANALOG.vcxproj", "{AF7BD236-0BFF-4F7D-AF1B-58CBBA3FC004}"
EndProject
Project("{8BC9CEB8-8B4A-11D0-8D11-00A0C91BC942}") = "ArduinoUNO_HallMagneticSenzor_NEVIM", "arduino\ArduinoUNO_HallMagneticSenzor_NEVIM\ArduinoUNO_HallMagneticSenzor_NEVIM.vcxproj", "{687C5082-4477-4980-B52F-FCE5F6C3FCB5}"
EndProject
Project("{8BC9CEB8-8B4A-11D0-8D11-00A0C91BC942}") = "ArduinoUNO_HC_SR04", "arduino\ArduinoUNO_HC_SR04\ArduinoUNO_HC_SR04.vcxproj", "{49FD8AD1-5FB8-4B90-99D6-12B9095D0297}"
EndProject
Project("{8BC9CEB8-8B4A-11D0-8D11-00A0C91BC942}") = "ArduinoUNO_HeartRateSenzor", "arduino\ArduinoUNO_HeartRateSenzor\ArduinoUNO_HeartRateSenzor.vcxproj", "{CF7A15E2-EB2C-403F-9BD9-1980ABFDC7E0}"
EndProject
Project("{8BC9CEB8-8B4A-11D0-8D11-00A0C91BC942}") = "ArduinoUNO_InfraredSignal", "arduino\ArduinoUNO_InfraEmissionSenzor\ArduinoUNO_InfraEmissionSenzor.vcxproj", "{C3C990FF-B85A-4BD0-AD2A-7F56EDB15883}"
EndProject
Project("{8BC9CEB8-8B4A-11D0-8D11-00A0C91BC942}") = "ArduinoUNO_Joystick", "arduino\ArduinoUNO_Joystick\ArduinoUNO_Joystick.vcxproj", "{BBEED32E-2265-4601-B011-8291405894F4}"
EndProject
Project("{8BC9CEB8-8B4A-11D0-8D11-00A0C91BC942}") = "ArduinoUNO_Keypad", "arduino\ArduinoUNO_Keypad\ArduinoUNO_Keypad.vcxproj", "{8FED927B-9523-4D8A-92C8-1F1AD0C9F29B}"
EndProject
Project("{8BC9CEB8-8B4A-11D0-8D11-00A0C91BC942}") = "ArduinoUNO_Keypad_RGBLED", "arduino\ArduinoUNO_Keypad_RGBLED\ArduinoUNO_Keypad_RGBLED.vcxproj", "{9CF5A4D2-F40D-43F9-934D-54C80F473859}"
EndProject
Project("{8BC9CEB8-8B4A-11D0-8D11-00A0C91BC942}") = "ArduinoUNO_KnockSenzor", "arduino\ArduinoUNO_KnockSenzor\ArduinoUNO_KnockSenzor.vcxproj", "{6BC80801-0D50-46DD-80AC-035E58DB9F09}"
EndProject
Project("{8BC9CEB8-8B4A-11D0-8D11-00A0C91BC942}") = "ArduinoUNO_Laser", "arduino\ArduinoUNO_Laser\ArduinoUNO_Laser.vcxproj", "{FBE387E1-3214-4763-B8E3-C96D69066413}"
EndProject
Project("{8BC9CEB8-8B4A-11D0-8D11-00A0C91BC942}") = "ArduinoUNO_LED", "arduino\ArduinoUNO_LED\ArduinoUNO_LED.vcxproj", "{0B8C1DCD-D6CF-4DEE-8A49-80760B4966A0}"
EndProject
Project("{8BC9CEB8-8B4A-11D0-8D11-00A0C91BC942}") = "ArduinoUNO_LED2colors", "arduino\ArduinoUNO_LED2colors\ArduinoUNO_LED2colors.vcxproj", "{24E5F90F-B9BB-4D78-9531-D93774B21DF2}"
EndProject
Project("{8BC9CEB8-8B4A-11D0-8D11-00A0C91BC942}") = "ArduinoUNO_LED3colors", "arduino\ArduinoUNO_LED3colors\ArduinoUNO_LED3colors.vcxproj", "{DD409AF7-ED9F-4078-9180-FA1675A932CA}"
EndProject
Project("{8BC9CEB8-8B4A-11D0-8D11-00A0C91BC942}") = "ArduinoUNO_LEDFlashingColorful", "arduino\ArduinoUNO_LEDFlashingColorful\ArduinoUNO_LEDFlashingColorful.vcxproj", "{DB36CB55-D9CB-41EF-866C-9DF116D81178}"
EndProject
Project("{8BC9CEB8-8B4A-11D0-8D11-00A0C91BC942}") = "ArduinoUNO_LEDRGB", "arduino\ArduinoUNO_LEDRGB\ArduinoUNO_LEDRGB.vcxproj", "{0E3B53BC-4563-4DF6-A629-8A9383C217C6}"
EndProject
Project("{8BC9CEB8-8B4A-11D0-8D11-00A0C91BC942}") = "ArduinoUNO_LEDSMD", "arduino\ArduinoUNO_LEDSMD\ArduinoUNO_LEDSMD.vcxproj", "{DAC38903-2421-410E-B0EC-D3F1A4881E68}"
EndProject
Project("{8BC9CEB8-8B4A-11D0-8D11-00A0C91BC942}") = "ArduinoUNO_MagicLightCup", "arduino\ArduinoUNO_MagicLightCup\ArduinoUNO_MagicLightCup.vcxproj", "{06FE9230-FC8F-4948-A8CE-BE31E5311F99}"
EndProject
Project("{8BC9CEB8-8B4A-11D0-8D11-00A0C91BC942}") = "ArduinoUNO_MercuryTiltSwitch", "arduino\ArduinoUNO_MercuryTiltSwitch\ArduinoUNO_MercuryTiltSwitch.vcxproj", "{405C1FED-16CA-433D-B303-2E438DBAF93F}"
EndProject
Project("{8BC9CEB8-8B4A-11D0-8D11-00A0C91BC942}") = "ArduinoUNO_MetalSenzor", "arduino\ArduinoUNO_MetalSenzor\ArduinoUNO_MetalSenzor.vcxproj", "{830916A7-B6C4-4784-823E-1E576BF504CD}"
EndProject
Project("{8BC9CEB8-8B4A-11D0-8D11-00A0C91BC942}") = "ArduinoUNO_MiniMagneticReed", "arduino\ArduinoUNO_MiniMagneticReed\ArduinoUNO_MiniMagneticReed.vcxproj", "{E927EF22-BFFB-4716-9968-0CBB8D33CD54}"
EndProject
Project("{8BC9CEB8-8B4A-11D0-8D11-00A0C91BC942}") = "ArduinoUNO_MQ2SmokeDetector", "arduino\ArduinoUNO_MQ2SmokeDetector\ArduinoUNO_MQ2SmokeDetector.vcxproj", "{15D9D0FD-714B-4ECD-B5B4-529294B4C20D}"
EndProject
Project("{8BC9CEB8-8B4A-11D0-8D11-00A0C91BC942}") = "ArduinoUNO_ObstacleAvoidance", "arduino\ArduinoUNO_ObstacleAvoidance\ArduinoUNO_ObstacleAvoidance.vcxproj", "{89BB7AC0-F0C3-47C3-AF91-F7BE7A663605}"
EndProject
Project("{8BC9CEB8-8B4A-11D0-8D11-00A0C91BC942}") = "ArduinoUNO_OpticalBrokenSenzor", "arduino\ArduinoUNO_OpticalBrokenSenzor\ArduinoUNO_OpticalBrokenSenzor.vcxproj", "{1644BD1B-0F86-4CE9-9AF0-694FF3F43950}"
EndProject
Project("{8BC9CEB8-8B4A-11D0-8D11-00A0C91BC942}") = "ArduinoUNO_PhotoCell", "arduino\ArduinoUNO_PhotoCell\ArduinoUNO_PhotoCell.vcxproj", "{826A451A-18A1-4BAB-95F1-ADD86E69C000}"
EndProject
Project("{8BC9CEB8-8B4A-11D0-8D11-00A0C91BC942}") = "ArduinoUNO_PIR", "arduino\ArduinoUNO_PIR\ArduinoUNO_PIR.vcxproj", "{1A64625E-5359-47D0-84C5-BFA91CB8D7B1}"
EndProject
Project("{8BC9CEB8-8B4A-11D0-8D11-00A0C91BC942}") = "ArduinoUNO_Reed", "arduino\ArduinoUNO_Reed\ArduinoUNO_Reed.vcxproj", "{618810B7-38ED-479E-BD78-636BBF670226}"
EndProject
Project("{8BC9CEB8-8B4A-11D0-8D11-00A0C91BC942}") = "ArduinoUNO_Relay", "arduino\ArduinoUNO_Relay\ArduinoUNO_Relay.vcxproj", "{487FB63C-2429-484C-8F4E-C8E5C8DE12CE}"
EndProject
Project("{8BC9CEB8-8B4A-11D0-8D11-00A0C91BC942}") = "ArduinoUNO_SoundSensor", "arduino\ArduinoUNO_Sound Sensor\ArduinoUNO_Sound Sensor.vcxproj", "{2E6552EC-F759-42E1-9755-0F4A253A4CA5}"
EndProject
Project("{8BC9CEB8-8B4A-11D0-8D11-00A0C91BC942}") = "ArduinoUNO_SoundGenerator", "arduino\ArduinoUNO_SoundGenerator\ArduinoUNO_SoundGenerator.vcxproj", "{704049DE-9C46-4E1A-8B9B-A35B81E3F5B0}"
EndProject
Project("{8BC9CEB8-8B4A-11D0-8D11-00A0C91BC942}") = "ArduinoUNO_Temperature", "arduino\ArduinoUNO_Temperature\ArduinoUNO_Temperature.vcxproj", "{8B57BF31-FD96-4CCD-9570-0DDFCD7CF3DD}"
EndProject
Project("{8BC9CEB8-8B4A-11D0-8D11-00A0C91BC942}") = "ArduinoUNO_TemperatureSenzor", "arduino\ArduinoUNO_TemperatureSenzor\ArduinoUNO_TemperatureSenzor.vcxproj", "{6932991F-9702-4842-960E-98936996E99B}"
EndProject
Project("{8BC9CEB8-8B4A-11D0-8D11-00A0C91BC942}") = "ArduinoUNO_TiltSenzor", "arduino\ArduinoUNO_TiltSenzor\ArduinoUNO_TiltSenzor.vcxproj", "{394353CF-65A6-4F40-B95F-B6789BC0B11B}"
EndProject
Project("{8BC9CEB8-8B4A-11D0-8D11-00A0C91BC942}") = "ArduinoUNO_TrackingSenzor", "arduino\ArduinoUNO_TrackingSenzor\ArduinoUNO_TrackingSenzor.vcxproj", "{2D278A6B-7DF9-4495-AD4D-CA8073CD8E73}"
EndProject
Project("{8BC9CEB8-8B4A-11D0-8D11-00A0C91BC942}") = "ArduinoUNO_VibrationSenzor", "arduino\ArduinoUNO_VibrationSenzor\ArduinoUNO_VibrationSenzor.vcxproj", "{3C271B10-C7F5-496B-B212-024A05325B2A}"
EndProject
Project("{8BC9CEB8-8B4A-11D0-8D11-00A0C91BC942}") = "ArduinoUNO_VibrationSenzor2", "arduino\ArduinoUNO_VibrationSenzor2\ArduinoUNO_VibrationSenzor2.vcxproj", "{08A6B678-5456-4401-BCE9-C2AC306063BA}"
EndProject
Project("{8BC9CEB8-8B4A-11D0-8D11-00A0C91BC942}") = "ArduinoUNO_Web_Microphone", "arduino\ArduinoUNO_Web_Microphone\ArduinoUNO_Web_Microphone.vcxproj", "{615CF6EE-4ACB-4FA3-A1D6-2C96C3742FEC}"
EndProject
Project("{8BC9CEB8-8B4A-11D0-8D11-00A0C91BC942}") = "WeMosD1_Alza1", "wemos\WeMosD1_Alza1\WeMosD1_Alza1.vcxproj", "{72B6C9A3-D25B-4368-8711-8992505438F8}"
EndProject
Project("{8BC9CEB8-8B4A-11D0-8D11-00A0C91BC942}") = "WeMosD1_Alza2", "wemos\WeMosD1_Alza2\WeMosD1_Alza2.vcxproj", "{D4934CB9-0F71-425A-A397-64CA8B6144BF}"
EndProject
Project("{8BC9CEB8-8B4A-11D0-8D11-00A0C91BC942}") = "WeMosD1_LED", "wemos\WeMosD1_LED\WeMosD1_LED.vcxproj", "{C0FBEAE2-D32F-482E-9296-AA2B7D5E71DE}"
EndProject
Project("{8BC9CEB8-8B4A-11D0-8D11-00A0C91BC942}") = "WeMosD1_PhotoCell", "wemos\WeMosD1_PhotoCell\WeMosD1_PhotoCell.vcxproj", "{DC967F98-DEC9-4674-8E50-77C384A9EB45}"
EndProject
Project("{8BC9CEB8-8B4A-11D0-8D11-00A0C91BC942}") = "WeMosD1_Web_PhotoCell", "wemos\WeMosD1_Web_PhotoCell\WeMosD1_Web_PhotoCell.vcxproj", "{3EEBCBE0-38F9-45E1-833A-83649D730218}"
EndProject
Project("{8BC9CEB8-8B4A-11D0-8D11-00A0C91BC942}") = "WeMosD1_Web_TemperatureHumidity", "wemos\WeMosD1_Web_TemperatureHumidity\WeMosD1_Web_TemperatureHumidity.vcxproj", "{B31FF560-FFE7-4316-B822-9D10E0C0C12C}"
EndProject
Project("{8BC9CEB8-8B4A-11D0-8D11-00A0C91BC942}") = "WeMosD1Mini_BuzzerActive", "wemos\WeMosD1Mini_BuzzerActive\WeMosD1Mini_BuzzerActive.vcxproj", "{0035DE4B-67C3-4DFD-AC15-31AD8FEFF095}"
EndProject
Project("{8BC9CEB8-8B4A-11D0-8D11-00A0C91BC942}") = "WeMosD1Mini_BuzzerPassive", "wemos\WeMosD1Mini_BuzzerPassive\WeMosD1Mini_BuzzerPassive.vcxproj", "{1DC0C5E0-02FD-4EB4-AA3F-2797A903678B}"
EndProject
Project("{8BC9CEB8-8B4A-11D0-8D11-00A0C91BC942}") = "WeMosD1Mini_LED", "wemos\WeMosD1Mini_LED\WeMosD1Mini_LED.vcxproj", "{C7DE2A55-F4A4-495A-B294-F83D5D9DB9A5}"
EndProject
Project("{8BC9CEB8-8B4A-11D0-8D11-00A0C91BC942}") = "WeMosD1Mini_LEDSMD", "wemos\WeMosD1Mini_LEDSMD\WeMosD1Mini_LEDSMD.vcxproj", "{E40C4A50-AB04-4B9A-BDF9-AD01C662831C}"
EndProject
Project("{8BC9CEB8-8B4A-11D0-8D11-00A0C91BC942}") = "WeMosD1Mini_OLEDDisplay", "wemos\WeMosD1Mini_OLEDDisplay\WeMosD1Mini_OLEDDisplay.vcxproj", "{A6917369-CAEA-434C-8B96-6E12DC5D9FF0}"
EndProject
Project("{8BC9CEB8-8B4A-11D0-8D11-00A0C91BC942}") = "WemosD1Mini_Relay", "wemos\WemosD1Mini_Relay\WemosD1Mini_Relay.vcxproj", "{AED09D11-C05A-49A3-83B6-2360BE86E41A}"
EndProject
Project("{8BC9CEB8-8B4A-11D0-8D11-00A0C91BC942}") = "WeMosD1Mini_Web_BuzzerActive", "projects\WeMosD1Mini_Web_BuzzerPassive\WeMosD1Mini_Web_BuzzerPassive.vcxproj", "{3D32FE17-183A-4F88-8F5E-A87E6C3448E3}"
EndProject
Project("{8BC9CEB8-8B4A-11D0-8D11-00A0C91BC942}") = "WeMosD1Mini_Web_LEDSMD", "projects\WeMosD1Mini_Web_LEDSMD\WeMosD1Mini_Web_LEDSMD.vcxproj", "{97A9A729-01DE-4B64-8A5F-A6AA86F6B7A0}"
EndProject
Project("{8BC9CEB8-8B4A-11D0-8D11-00A0C91BC942}") = "WeMosD1Mini_Web_MicrophoneBig", "projects\WeMosD1Mini_Web_MicrophoneBig\WeMosD1Mini_Web_MicrophoneBig.vcxproj", "{5622137B-7FD4-45A2-9D48-CEA28ECB5C65}"
EndProject
Project("{8BC9CEB8-8B4A-11D0-8D11-00A0C91BC942}") = "WeMosD1Mini_Web_Relay2", "projects\WeMosD1Mini_Web_Relay2\WeMosD1Mini_Web_Relay2.vcxproj", "{6CFCEDD0-B468-45E7-8D26-1643413DACD3}"
EndProject
Project("{8BC9CEB8-8B4A-11D0-8D11-00A0C91BC942}") = "WeMosD1Mini_Web_Temperature", "projects\WeMosD1Mini_Web_Temperature\WeMosD1Mini_Web_Temperature.vcxproj", "{487CF5A7-0162-4ABC-B3EB-ED9846353D22}"
EndProject
Project("{8BC9CEB8-8B4A-11D0-8D11-00A0C91BC942}") = "WeMosD1Mini_Web_Relay", "projects\WeMosD1Mini_WebRelay\WeMosD1Mini_WebRelay.vcxproj", "{CBECD621-4C29-489E-A622-6D11C400B935}"
EndProject
Global
	GlobalSection(SolutionConfigurationPlatforms) = preSolution
		Debug|Any CPU = Debug|Any CPU
		Debug|x86 = Debug|x86
		Release|Any CPU = Release|Any CPU
		Release|x86 = Release|x86
	EndGlobalSection
	GlobalSection(ProjectConfigurationPlatforms) = postSolution
		{6D3DE5BB-B869-4A96-A347-E21B74B0B5BB}.Debug|Any CPU.ActiveCfg = Debug|Win32
		{6D3DE5BB-B869-4A96-A347-E21B74B0B5BB}.Debug|x86.ActiveCfg = Debug|Win32
		{6D3DE5BB-B869-4A96-A347-E21B74B0B5BB}.Debug|x86.Build.0 = Debug|Win32
		{6D3DE5BB-B869-4A96-A347-E21B74B0B5BB}.Release|Any CPU.ActiveCfg = Release|Win32
		{6D3DE5BB-B869-4A96-A347-E21B74B0B5BB}.Release|x86.ActiveCfg = Release|Win32
		{6D3DE5BB-B869-4A96-A347-E21B74B0B5BB}.Release|x86.Build.0 = Release|Win32
		{648BB76B-1C9E-4ACE-91A2-09D5038C292A}.Debug|Any CPU.ActiveCfg = Debug|Win32
		{648BB76B-1C9E-4ACE-91A2-09D5038C292A}.Debug|x86.ActiveCfg = Debug|Win32
		{648BB76B-1C9E-4ACE-91A2-09D5038C292A}.Debug|x86.Build.0 = Debug|Win32
		{648BB76B-1C9E-4ACE-91A2-09D5038C292A}.Release|Any CPU.ActiveCfg = Release|Win32
		{648BB76B-1C9E-4ACE-91A2-09D5038C292A}.Release|x86.ActiveCfg = Release|Win32
		{648BB76B-1C9E-4ACE-91A2-09D5038C292A}.Release|x86.Build.0 = Release|Win32
		{ED3EDFE0-9DD6-42AF-B06E-402B76257BF9}.Debug|Any CPU.ActiveCfg = Debug|Win32
		{ED3EDFE0-9DD6-42AF-B06E-402B76257BF9}.Debug|x86.ActiveCfg = Debug|Win32
		{ED3EDFE0-9DD6-42AF-B06E-402B76257BF9}.Debug|x86.Build.0 = Debug|Win32
		{ED3EDFE0-9DD6-42AF-B06E-402B76257BF9}.Release|Any CPU.ActiveCfg = Release|Win32
		{ED3EDFE0-9DD6-42AF-B06E-402B76257BF9}.Release|x86.ActiveCfg = Release|Win32
		{ED3EDFE0-9DD6-42AF-B06E-402B76257BF9}.Release|x86.Build.0 = Release|Win32
		{AEC10CE9-DD05-466F-B818-9C81182B2116}.Debug|Any CPU.ActiveCfg = Debug|Win32
		{AEC10CE9-DD05-466F-B818-9C81182B2116}.Debug|x86.ActiveCfg = Debug|Win32
		{AEC10CE9-DD05-466F-B818-9C81182B2116}.Debug|x86.Build.0 = Debug|Win32
		{AEC10CE9-DD05-466F-B818-9C81182B2116}.Release|Any CPU.ActiveCfg = Release|Win32
		{AEC10CE9-DD05-466F-B818-9C81182B2116}.Release|x86.ActiveCfg = Release|Win32
		{AEC10CE9-DD05-466F-B818-9C81182B2116}.Release|x86.Build.0 = Release|Win32
		{AF7BD236-0BFF-4F7D-AF1B-58CBBA3FC004}.Debug|Any CPU.ActiveCfg = Debug|Win32
		{AF7BD236-0BFF-4F7D-AF1B-58CBBA3FC004}.Debug|x86.ActiveCfg = Debug|Win32
		{AF7BD236-0BFF-4F7D-AF1B-58CBBA3FC004}.Debug|x86.Build.0 = Debug|Win32
		{AF7BD236-0BFF-4F7D-AF1B-58CBBA3FC004}.Release|Any CPU.ActiveCfg = Release|Win32
		{AF7BD236-0BFF-4F7D-AF1B-58CBBA3FC004}.Release|x86.ActiveCfg = Release|Win32
		{AF7BD236-0BFF-4F7D-AF1B-58CBBA3FC004}.Release|x86.Build.0 = Release|Win32
		{687C5082-4477-4980-B52F-FCE5F6C3FCB5}.Debug|Any CPU.ActiveCfg = Debug|Win32
		{687C5082-4477-4980-B52F-FCE5F6C3FCB5}.Debug|x86.ActiveCfg = Debug|Win32
		{687C5082-4477-4980-B52F-FCE5F6C3FCB5}.Debug|x86.Build.0 = Debug|Win32
		{687C5082-4477-4980-B52F-FCE5F6C3FCB5}.Release|Any CPU.ActiveCfg = Release|Win32
		{687C5082-4477-4980-B52F-FCE5F6C3FCB5}.Release|x86.ActiveCfg = Release|Win32
		{687C5082-4477-4980-B52F-FCE5F6C3FCB5}.Release|x86.Build.0 = Release|Win32
		{49FD8AD1-5FB8-4B90-99D6-12B9095D0297}.Debug|Any CPU.ActiveCfg = Debug|Win32
		{49FD8AD1-5FB8-4B90-99D6-12B9095D0297}.Debug|x86.ActiveCfg = Debug|Win32
		{49FD8AD1-5FB8-4B90-99D6-12B9095D0297}.Debug|x86.Build.0 = Debug|Win32
		{49FD8AD1-5FB8-4B90-99D6-12B9095D0297}.Release|Any CPU.ActiveCfg = Release|Win32
		{49FD8AD1-5FB8-4B90-99D6-12B9095D0297}.Release|x86.ActiveCfg = Release|Win32
		{49FD8AD1-5FB8-4B90-99D6-12B9095D0297}.Release|x86.Build.0 = Release|Win32
		{CF7A15E2-EB2C-403F-9BD9-1980ABFDC7E0}.Debug|Any CPU.ActiveCfg = Debug|Win32
		{CF7A15E2-EB2C-403F-9BD9-1980ABFDC7E0}.Debug|x86.ActiveCfg = Debug|Win32
		{CF7A15E2-EB2C-403F-9BD9-1980ABFDC7E0}.Debug|x86.Build.0 = Debug|Win32
		{CF7A15E2-EB2C-403F-9BD9-1980ABFDC7E0}.Release|Any CPU.ActiveCfg = Release|Win32
		{CF7A15E2-EB2C-403F-9BD9-1980ABFDC7E0}.Release|x86.ActiveCfg = Release|Win32
		{CF7A15E2-EB2C-403F-9BD9-1980ABFDC7E0}.Release|x86.Build.0 = Release|Win32
		{C3C990FF-B85A-4BD0-AD2A-7F56EDB15883}.Debug|Any CPU.ActiveCfg = Debug|Win32
		{C3C990FF-B85A-4BD0-AD2A-7F56EDB15883}.Debug|x86.ActiveCfg = Debug|Win32
		{C3C990FF-B85A-4BD0-AD2A-7F56EDB15883}.Debug|x86.Build.0 = Debug|Win32
		{C3C990FF-B85A-4BD0-AD2A-7F56EDB15883}.Release|Any CPU.ActiveCfg = Release|Win32
		{C3C990FF-B85A-4BD0-AD2A-7F56EDB15883}.Release|x86.ActiveCfg = Release|Win32
		{C3C990FF-B85A-4BD0-AD2A-7F56EDB15883}.Release|x86.Build.0 = Release|Win32
		{BBEED32E-2265-4601-B011-8291405894F4}.Debug|Any CPU.ActiveCfg = Debug|Win32
		{BBEED32E-2265-4601-B011-8291405894F4}.Debug|x86.ActiveCfg = Debug|Win32
		{BBEED32E-2265-4601-B011-8291405894F4}.Debug|x86.Build.0 = Debug|Win32
		{BBEED32E-2265-4601-B011-8291405894F4}.Release|Any CPU.ActiveCfg = Release|Win32
		{BBEED32E-2265-4601-B011-8291405894F4}.Release|x86.ActiveCfg = Release|Win32
		{BBEED32E-2265-4601-B011-8291405894F4}.Release|x86.Build.0 = Release|Win32
		{8FED927B-9523-4D8A-92C8-1F1AD0C9F29B}.Debug|Any CPU.ActiveCfg = Debug|Win32
		{8FED927B-9523-4D8A-92C8-1F1AD0C9F29B}.Debug|x86.ActiveCfg = Debug|Win32
		{8FED927B-9523-4D8A-92C8-1F1AD0C9F29B}.Debug|x86.Build.0 = Debug|Win32
		{8FED927B-9523-4D8A-92C8-1F1AD0C9F29B}.Release|Any CPU.ActiveCfg = Release|Win32
		{8FED927B-9523-4D8A-92C8-1F1AD0C9F29B}.Release|x86.ActiveCfg = Release|Win32
		{8FED927B-9523-4D8A-92C8-1F1AD0C9F29B}.Release|x86.Build.0 = Release|Win32
		{9CF5A4D2-F40D-43F9-934D-54C80F473859}.Debug|Any CPU.ActiveCfg = Debug|Win32
		{9CF5A4D2-F40D-43F9-934D-54C80F473859}.Debug|x86.ActiveCfg = Debug|Win32
		{9CF5A4D2-F40D-43F9-934D-54C80F473859}.Debug|x86.Build.0 = Debug|Win32
		{9CF5A4D2-F40D-43F9-934D-54C80F473859}.Release|Any CPU.ActiveCfg = Release|Win32
		{9CF5A4D2-F40D-43F9-934D-54C80F473859}.Release|x86.ActiveCfg = Release|Win32
		{9CF5A4D2-F40D-43F9-934D-54C80F473859}.Release|x86.Build.0 = Release|Win32
		{6BC80801-0D50-46DD-80AC-035E58DB9F09}.Debug|Any CPU.ActiveCfg = Debug|Win32
		{6BC80801-0D50-46DD-80AC-035E58DB9F09}.Debug|x86.ActiveCfg = Debug|Win32
		{6BC80801-0D50-46DD-80AC-035E58DB9F09}.Debug|x86.Build.0 = Debug|Win32
		{6BC80801-0D50-46DD-80AC-035E58DB9F09}.Release|Any CPU.ActiveCfg = Release|Win32
		{6BC80801-0D50-46DD-80AC-035E58DB9F09}.Release|x86.ActiveCfg = Release|Win32
		{6BC80801-0D50-46DD-80AC-035E58DB9F09}.Release|x86.Build.0 = Release|Win32
		{FBE387E1-3214-4763-B8E3-C96D69066413}.Debug|Any CPU.ActiveCfg = Debug|Win32
		{FBE387E1-3214-4763-B8E3-C96D69066413}.Debug|x86.ActiveCfg = Debug|Win32
		{FBE387E1-3214-4763-B8E3-C96D69066413}.Debug|x86.Build.0 = Debug|Win32
		{FBE387E1-3214-4763-B8E3-C96D69066413}.Release|Any CPU.ActiveCfg = Release|Win32
		{FBE387E1-3214-4763-B8E3-C96D69066413}.Release|x86.ActiveCfg = Release|Win32
		{FBE387E1-3214-4763-B8E3-C96D69066413}.Release|x86.Build.0 = Release|Win32
		{0B8C1DCD-D6CF-4DEE-8A49-80760B4966A0}.Debug|Any CPU.ActiveCfg = Debug|Win32
		{0B8C1DCD-D6CF-4DEE-8A49-80760B4966A0}.Debug|x86.ActiveCfg = Debug|Win32
		{0B8C1DCD-D6CF-4DEE-8A49-80760B4966A0}.Debug|x86.Build.0 = Debug|Win32
		{0B8C1DCD-D6CF-4DEE-8A49-80760B4966A0}.Release|Any CPU.ActiveCfg = Release|Win32
		{0B8C1DCD-D6CF-4DEE-8A49-80760B4966A0}.Release|x86.ActiveCfg = Release|Win32
		{0B8C1DCD-D6CF-4DEE-8A49-80760B4966A0}.Release|x86.Build.0 = Release|Win32
		{24E5F90F-B9BB-4D78-9531-D93774B21DF2}.Debug|Any CPU.ActiveCfg = Debug|Win32
		{24E5F90F-B9BB-4D78-9531-D93774B21DF2}.Debug|x86.ActiveCfg = Debug|Win32
		{24E5F90F-B9BB-4D78-9531-D93774B21DF2}.Debug|x86.Build.0 = Debug|Win32
		{24E5F90F-B9BB-4D78-9531-D93774B21DF2}.Release|Any CPU.ActiveCfg = Release|Win32
		{24E5F90F-B9BB-4D78-9531-D93774B21DF2}.Release|x86.ActiveCfg = Release|Win32
		{24E5F90F-B9BB-4D78-9531-D93774B21DF2}.Release|x86.Build.0 = Release|Win32
		{DD409AF7-ED9F-4078-9180-FA1675A932CA}.Debug|Any CPU.ActiveCfg = Debug|Win32
		{DD409AF7-ED9F-4078-9180-FA1675A932CA}.Debug|x86.ActiveCfg = Debug|Win32
		{DD409AF7-ED9F-4078-9180-FA1675A932CA}.Debug|x86.Build.0 = Debug|Win32
		{DD409AF7-ED9F-4078-9180-FA1675A932CA}.Release|Any CPU.ActiveCfg = Release|Win32
		{DD409AF7-ED9F-4078-9180-FA1675A932CA}.Release|x86.ActiveCfg = Release|Win32
		{DD409AF7-ED9F-4078-9180-FA1675A932CA}.Release|x86.Build.0 = Release|Win32
		{DB36CB55-D9CB-41EF-866C-9DF116D81178}.Debug|Any CPU.ActiveCfg = Debug|Win32
		{DB36CB55-D9CB-41EF-866C-9DF116D81178}.Debug|x86.ActiveCfg = Debug|Win32
		{DB36CB55-D9CB-41EF-866C-9DF116D81178}.Debug|x86.Build.0 = Debug|Win32
		{DB36CB55-D9CB-41EF-866C-9DF116D81178}.Release|Any CPU.ActiveCfg = Release|Win32
		{DB36CB55-D9CB-41EF-866C-9DF116D81178}.Release|x86.ActiveCfg = Release|Win32
		{DB36CB55-D9CB-41EF-866C-9DF116D81178}.Release|x86.Build.0 = Release|Win32
		{0E3B53BC-4563-4DF6-A629-8A9383C217C6}.Debug|Any CPU.ActiveCfg = Debug|Win32
		{0E3B53BC-4563-4DF6-A629-8A9383C217C6}.Debug|x86.ActiveCfg = Debug|Win32
		{0E3B53BC-4563-4DF6-A629-8A9383C217C6}.Debug|x86.Build.0 = Debug|Win32
		{0E3B53BC-4563-4DF6-A629-8A9383C217C6}.Release|Any CPU.ActiveCfg = Release|Win32
		{0E3B53BC-4563-4DF6-A629-8A9383C217C6}.Release|x86.ActiveCfg = Release|Win32
		{0E3B53BC-4563-4DF6-A629-8A9383C217C6}.Release|x86.Build.0 = Release|Win32
		{DAC38903-2421-410E-B0EC-D3F1A4881E68}.Debug|Any CPU.ActiveCfg = Debug|Win32
		{DAC38903-2421-410E-B0EC-D3F1A4881E68}.Debug|x86.ActiveCfg = Debug|Win32
		{DAC38903-2421-410E-B0EC-D3F1A4881E68}.Debug|x86.Build.0 = Debug|Win32
		{DAC38903-2421-410E-B0EC-D3F1A4881E68}.Release|Any CPU.ActiveCfg = Release|Win32
		{DAC38903-2421-410E-B0EC-D3F1A4881E68}.Release|x86.ActiveCfg = Release|Win32
		{DAC38903-2421-410E-B0EC-D3F1A4881E68}.Release|x86.Build.0 = Release|Win32
		{06FE9230-FC8F-4948-A8CE-BE31E5311F99}.Debug|Any CPU.ActiveCfg = Debug|Win32
		{06FE9230-FC8F-4948-A8CE-BE31E5311F99}.Debug|x86.ActiveCfg = Debug|Win32
		{06FE9230-FC8F-4948-A8CE-BE31E5311F99}.Debug|x86.Build.0 = Debug|Win32
		{06FE9230-FC8F-4948-A8CE-BE31E5311F99}.Release|Any CPU.ActiveCfg = Release|Win32
		{06FE9230-FC8F-4948-A8CE-BE31E5311F99}.Release|x86.ActiveCfg = Release|Win32
		{06FE9230-FC8F-4948-A8CE-BE31E5311F99}.Release|x86.Build.0 = Release|Win32
		{405C1FED-16CA-433D-B303-2E438DBAF93F}.Debug|Any CPU.ActiveCfg = Debug|Win32
		{405C1FED-16CA-433D-B303-2E438DBAF93F}.Debug|x86.ActiveCfg = Debug|Win32
		{405C1FED-16CA-433D-B303-2E438DBAF93F}.Debug|x86.Build.0 = Debug|Win32
		{405C1FED-16CA-433D-B303-2E438DBAF93F}.Release|Any CPU.ActiveCfg = Release|Win32
		{405C1FED-16CA-433D-B303-2E438DBAF93F}.Release|x86.ActiveCfg = Release|Win32
		{405C1FED-16CA-433D-B303-2E438DBAF93F}.Release|x86.Build.0 = Release|Win32
		{830916A7-B6C4-4784-823E-1E576BF504CD}.Debug|Any CPU.ActiveCfg = Debug|Win32
		{830916A7-B6C4-4784-823E-1E576BF504CD}.Debug|x86.ActiveCfg = Debug|Win32
		{830916A7-B6C4-4784-823E-1E576BF504CD}.Debug|x86.Build.0 = Debug|Win32
		{830916A7-B6C4-4784-823E-1E576BF504CD}.Release|Any CPU.ActiveCfg = Release|Win32
		{830916A7-B6C4-4784-823E-1E576BF504CD}.Release|x86.ActiveCfg = Release|Win32
		{830916A7-B6C4-4784-823E-1E576BF504CD}.Release|x86.Build.0 = Release|Win32
		{E927EF22-BFFB-4716-9968-0CBB8D33CD54}.Debug|Any CPU.ActiveCfg = Debug|Win32
		{E927EF22-BFFB-4716-9968-0CBB8D33CD54}.Debug|x86.ActiveCfg = Debug|Win32
		{E927EF22-BFFB-4716-9968-0CBB8D33CD54}.Debug|x86.Build.0 = Debug|Win32
		{E927EF22-BFFB-4716-9968-0CBB8D33CD54}.Release|Any CPU.ActiveCfg = Release|Win32
		{E927EF22-BFFB-4716-9968-0CBB8D33CD54}.Release|x86.ActiveCfg = Release|Win32
		{E927EF22-BFFB-4716-9968-0CBB8D33CD54}.Release|x86.Build.0 = Release|Win32
		{15D9D0FD-714B-4ECD-B5B4-529294B4C20D}.Debug|Any CPU.ActiveCfg = Debug|Win32
		{15D9D0FD-714B-4ECD-B5B4-529294B4C20D}.Debug|x86.ActiveCfg = Debug|Win32
		{15D9D0FD-714B-4ECD-B5B4-529294B4C20D}.Debug|x86.Build.0 = Debug|Win32
		{15D9D0FD-714B-4ECD-B5B4-529294B4C20D}.Release|Any CPU.ActiveCfg = Release|Win32
		{15D9D0FD-714B-4ECD-B5B4-529294B4C20D}.Release|x86.ActiveCfg = Release|Win32
		{15D9D0FD-714B-4ECD-B5B4-529294B4C20D}.Release|x86.Build.0 = Release|Win32
		{89BB7AC0-F0C3-47C3-AF91-F7BE7A663605}.Debug|Any CPU.ActiveCfg = Debug|Win32
		{89BB7AC0-F0C3-47C3-AF91-F7BE7A663605}.Debug|x86.ActiveCfg = Debug|Win32
		{89BB7AC0-F0C3-47C3-AF91-F7BE7A663605}.Debug|x86.Build.0 = Debug|Win32
		{89BB7AC0-F0C3-47C3-AF91-F7BE7A663605}.Release|Any CPU.ActiveCfg = Release|Win32
		{89BB7AC0-F0C3-47C3-AF91-F7BE7A663605}.Release|x86.ActiveCfg = Release|Win32
		{89BB7AC0-F0C3-47C3-AF91-F7BE7A663605}.Release|x86.Build.0 = Release|Win32
		{1644BD1B-0F86-4CE9-9AF0-694FF3F43950}.Debug|Any CPU.ActiveCfg = Debug|Win32
		{1644BD1B-0F86-4CE9-9AF0-694FF3F43950}.Debug|x86.ActiveCfg = Debug|Win32
		{1644BD1B-0F86-4CE9-9AF0-694FF3F43950}.Debug|x86.Build.0 = Debug|Win32
		{1644BD1B-0F86-4CE9-9AF0-694FF3F43950}.Release|Any CPU.ActiveCfg = Release|Win32
		{1644BD1B-0F86-4CE9-9AF0-694FF3F43950}.Release|x86.ActiveCfg = Release|Win32
		{1644BD1B-0F86-4CE9-9AF0-694FF3F43950}.Release|x86.Build.0 = Release|Win32
		{826A451A-18A1-4BAB-95F1-ADD86E69C000}.Debug|Any CPU.ActiveCfg = Debug|Win32
		{826A451A-18A1-4BAB-95F1-ADD86E69C000}.Debug|x86.ActiveCfg = Debug|Win32
		{826A451A-18A1-4BAB-95F1-ADD86E69C000}.Debug|x86.Build.0 = Debug|Win32
		{826A451A-18A1-4BAB-95F1-ADD86E69C000}.Release|Any CPU.ActiveCfg = Release|Win32
		{826A451A-18A1-4BAB-95F1-ADD86E69C000}.Release|x86.ActiveCfg = Release|Win32
		{826A451A-18A1-4BAB-95F1-ADD86E69C000}.Release|x86.Build.0 = Release|Win32
		{1A64625E-5359-47D0-84C5-BFA91CB8D7B1}.Debug|Any CPU.ActiveCfg = Debug|Win32
		{1A64625E-5359-47D0-84C5-BFA91CB8D7B1}.Debug|x86.ActiveCfg = Debug|Win32
		{1A64625E-5359-47D0-84C5-BFA91CB8D7B1}.Debug|x86.Build.0 = Debug|Win32
		{1A64625E-5359-47D0-84C5-BFA91CB8D7B1}.Release|Any CPU.ActiveCfg = Release|Win32
		{1A64625E-5359-47D0-84C5-BFA91CB8D7B1}.Release|x86.ActiveCfg = Release|Win32
		{1A64625E-5359-47D0-84C5-BFA91CB8D7B1}.Release|x86.Build.0 = Release|Win32
		{618810B7-38ED-479E-BD78-636BBF670226}.Debug|Any CPU.ActiveCfg = Debug|Win32
		{618810B7-38ED-479E-BD78-636BBF670226}.Debug|x86.ActiveCfg = Debug|Win32
		{618810B7-38ED-479E-BD78-636BBF670226}.Debug|x86.Build.0 = Debug|Win32
		{618810B7-38ED-479E-BD78-636BBF670226}.Release|Any CPU.ActiveCfg = Release|Win32
		{618810B7-38ED-479E-BD78-636BBF670226}.Release|x86.ActiveCfg = Release|Win32
		{618810B7-38ED-479E-BD78-636BBF670226}.Release|x86.Build.0 = Release|Win32
		{487FB63C-2429-484C-8F4E-C8E5C8DE12CE}.Debug|Any CPU.ActiveCfg = Debug|Win32
		{487FB63C-2429-484C-8F4E-C8E5C8DE12CE}.Debug|x86.ActiveCfg = Debug|Win32
		{487FB63C-2429-484C-8F4E-C8E5C8DE12CE}.Debug|x86.Build.0 = Debug|Win32
		{487FB63C-2429-484C-8F4E-C8E5C8DE12CE}.Release|Any CPU.ActiveCfg = Release|Win32
		{487FB63C-2429-484C-8F4E-C8E5C8DE12CE}.Release|x86.ActiveCfg = Release|Win32
		{487FB63C-2429-484C-8F4E-C8E5C8DE12CE}.Release|x86.Build.0 = Release|Win32
		{2E6552EC-F759-42E1-9755-0F4A253A4CA5}.Debug|Any CPU.ActiveCfg = Debug|Win32
		{2E6552EC-F759-42E1-9755-0F4A253A4CA5}.Debug|x86.ActiveCfg = Debug|Win32
		{2E6552EC-F759-42E1-9755-0F4A253A4CA5}.Debug|x86.Build.0 = Debug|Win32
		{2E6552EC-F759-42E1-9755-0F4A253A4CA5}.Release|Any CPU.ActiveCfg = Release|Win32
		{2E6552EC-F759-42E1-9755-0F4A253A4CA5}.Release|x86.ActiveCfg = Release|Win32
		{2E6552EC-F759-42E1-9755-0F4A253A4CA5}.Release|x86.Build.0 = Release|Win32
		{704049DE-9C46-4E1A-8B9B-A35B81E3F5B0}.Debug|Any CPU.ActiveCfg = Debug|Win32
		{704049DE-9C46-4E1A-8B9B-A35B81E3F5B0}.Debug|x86.ActiveCfg = Debug|Win32
		{704049DE-9C46-4E1A-8B9B-A35B81E3F5B0}.Debug|x86.Build.0 = Debug|Win32
		{704049DE-9C46-4E1A-8B9B-A35B81E3F5B0}.Release|Any CPU.ActiveCfg = Release|Win32
		{704049DE-9C46-4E1A-8B9B-A35B81E3F5B0}.Release|x86.ActiveCfg = Release|Win32
		{704049DE-9C46-4E1A-8B9B-A35B81E3F5B0}.Release|x86.Build.0 = Release|Win32
		{8B57BF31-FD96-4CCD-9570-0DDFCD7CF3DD}.Debug|Any CPU.ActiveCfg = Debug|Win32
		{8B57BF31-FD96-4CCD-9570-0DDFCD7CF3DD}.Debug|x86.ActiveCfg = Debug|Win32
		{8B57BF31-FD96-4CCD-9570-0DDFCD7CF3DD}.Debug|x86.Build.0 = Debug|Win32
		{8B57BF31-FD96-4CCD-9570-0DDFCD7CF3DD}.Release|Any CPU.ActiveCfg = Release|Win32
		{8B57BF31-FD96-4CCD-9570-0DDFCD7CF3DD}.Release|x86.ActiveCfg = Release|Win32
		{8B57BF31-FD96-4CCD-9570-0DDFCD7CF3DD}.Release|x86.Build.0 = Release|Win32
		{6932991F-9702-4842-960E-98936996E99B}.Debug|Any CPU.ActiveCfg = Debug|Win32
		{6932991F-9702-4842-960E-98936996E99B}.Debug|x86.ActiveCfg = Debug|Win32
		{6932991F-9702-4842-960E-98936996E99B}.Debug|x86.Build.0 = Debug|Win32
		{6932991F-9702-4842-960E-98936996E99B}.Release|Any CPU.ActiveCfg = Release|Win32
		{6932991F-9702-4842-960E-98936996E99B}.Release|x86.ActiveCfg = Release|Win32
		{6932991F-9702-4842-960E-98936996E99B}.Release|x86.Build.0 = Release|Win32
		{394353CF-65A6-4F40-B95F-B6789BC0B11B}.Debug|Any CPU.ActiveCfg = Debug|Win32
		{394353CF-65A6-4F40-B95F-B6789BC0B11B}.Debug|x86.ActiveCfg = Debug|Win32
		{394353CF-65A6-4F40-B95F-B6789BC0B11B}.Debug|x86.Build.0 = Debug|Win32
		{394353CF-65A6-4F40-B95F-B6789BC0B11B}.Release|Any CPU.ActiveCfg = Release|Win32
		{394353CF-65A6-4F40-B95F-B6789BC0B11B}.Release|x86.ActiveCfg = Release|Win32
		{394353CF-65A6-4F40-B95F-B6789BC0B11B}.Release|x86.Build.0 = Release|Win32
		{2D278A6B-7DF9-4495-AD4D-CA8073CD8E73}.Debug|Any CPU.ActiveCfg = Debug|Win32
		{2D278A6B-7DF9-4495-AD4D-CA8073CD8E73}.Debug|x86.ActiveCfg = Debug|Win32
		{2D278A6B-7DF9-4495-AD4D-CA8073CD8E73}.Debug|x86.Build.0 = Debug|Win32
		{2D278A6B-7DF9-4495-AD4D-CA8073CD8E73}.Release|Any CPU.ActiveCfg = Release|Win32
		{2D278A6B-7DF9-4495-AD4D-CA8073CD8E73}.Release|x86.ActiveCfg = Release|Win32
		{2D278A6B-7DF9-4495-AD4D-CA8073CD8E73}.Release|x86.Build.0 = Release|Win32
		{3C271B10-C7F5-496B-B212-024A05325B2A}.Debug|Any CPU.ActiveCfg = Debug|Win32
		{3C271B10-C7F5-496B-B212-024A05325B2A}.Debug|x86.ActiveCfg = Debug|Win32
		{3C271B10-C7F5-496B-B212-024A05325B2A}.Debug|x86.Build.0 = Debug|Win32
		{3C271B10-C7F5-496B-B212-024A05325B2A}.Release|Any CPU.ActiveCfg = Release|Win32
		{3C271B10-C7F5-496B-B212-024A05325B2A}.Release|x86.ActiveCfg = Release|Win32
		{3C271B10-C7F5-496B-B212-024A05325B2A}.Release|x86.Build.0 = Release|Win32
		{08A6B678-5456-4401-BCE9-C2AC306063BA}.Debug|Any CPU.ActiveCfg = Debug|Win32
		{08A6B678-5456-4401-BCE9-C2AC306063BA}.Debug|x86.ActiveCfg = Debug|Win32
		{08A6B678-5456-4401-BCE9-C2AC306063BA}.Debug|x86.Build.0 = Debug|Win32
		{08A6B678-5456-4401-BCE9-C2AC306063BA}.Release|Any CPU.ActiveCfg = Release|Win32
		{08A6B678-5456-4401-BCE9-C2AC306063BA}.Release|x86.ActiveCfg = Release|Win32
		{08A6B678-5456-4401-BCE9-C2AC306063BA}.Release|x86.Build.0 = Release|Win32
		{615CF6EE-4ACB-4FA3-A1D6-2C96C3742FEC}.Debug|Any CPU.ActiveCfg = Debug|Win32
		{615CF6EE-4ACB-4FA3-A1D6-2C96C3742FEC}.Debug|x86.ActiveCfg = Debug|Win32
		{615CF6EE-4ACB-4FA3-A1D6-2C96C3742FEC}.Debug|x86.Build.0 = Debug|Win32
		{615CF6EE-4ACB-4FA3-A1D6-2C96C3742FEC}.Release|Any CPU.ActiveCfg = Release|Win32
		{615CF6EE-4ACB-4FA3-A1D6-2C96C3742FEC}.Release|x86.ActiveCfg = Release|Win32
		{615CF6EE-4ACB-4FA3-A1D6-2C96C3742FEC}.Release|x86.Build.0 = Release|Win32
		{72B6C9A3-D25B-4368-8711-8992505438F8}.Debug|Any CPU.ActiveCfg = Debug|Win32
		{72B6C9A3-D25B-4368-8711-8992505438F8}.Debug|x86.ActiveCfg = Debug|Win32
		{72B6C9A3-D25B-4368-8711-8992505438F8}.Debug|x86.Build.0 = Debug|Win32
		{72B6C9A3-D25B-4368-8711-8992505438F8}.Release|Any CPU.ActiveCfg = Release|Win32
		{72B6C9A3-D25B-4368-8711-8992505438F8}.Release|x86.ActiveCfg = Release|Win32
		{72B6C9A3-D25B-4368-8711-8992505438F8}.Release|x86.Build.0 = Release|Win32
		{D4934CB9-0F71-425A-A397-64CA8B6144BF}.Debug|Any CPU.ActiveCfg = Debug|Win32
		{D4934CB9-0F71-425A-A397-64CA8B6144BF}.Debug|x86.ActiveCfg = Debug|Win32
		{D4934CB9-0F71-425A-A397-64CA8B6144BF}.Debug|x86.Build.0 = Debug|Win32
		{D4934CB9-0F71-425A-A397-64CA8B6144BF}.Release|Any CPU.ActiveCfg = Release|Win32
		{D4934CB9-0F71-425A-A397-64CA8B6144BF}.Release|x86.ActiveCfg = Release|Win32
		{D4934CB9-0F71-425A-A397-64CA8B6144BF}.Release|x86.Build.0 = Release|Win32
		{C0FBEAE2-D32F-482E-9296-AA2B7D5E71DE}.Debug|Any CPU.ActiveCfg = Debug|Win32
		{C0FBEAE2-D32F-482E-9296-AA2B7D5E71DE}.Debug|x86.ActiveCfg = Debug|Win32
		{C0FBEAE2-D32F-482E-9296-AA2B7D5E71DE}.Debug|x86.Build.0 = Debug|Win32
		{C0FBEAE2-D32F-482E-9296-AA2B7D5E71DE}.Release|Any CPU.ActiveCfg = Release|Win32
		{C0FBEAE2-D32F-482E-9296-AA2B7D5E71DE}.Release|x86.ActiveCfg = Release|Win32
		{C0FBEAE2-D32F-482E-9296-AA2B7D5E71DE}.Release|x86.Build.0 = Release|Win32
		{DC967F98-DEC9-4674-8E50-77C384A9EB45}.Debug|Any CPU.ActiveCfg = Debug|Win32
		{DC967F98-DEC9-4674-8E50-77C384A9EB45}.Debug|x86.ActiveCfg = Debug|Win32
		{DC967F98-DEC9-4674-8E50-77C384A9EB45}.Debug|x86.Build.0 = Debug|Win32
		{DC967F98-DEC9-4674-8E50-77C384A9EB45}.Release|Any CPU.ActiveCfg = Release|Win32
		{DC967F98-DEC9-4674-8E50-77C384A9EB45}.Release|x86.ActiveCfg = Release|Win32
		{DC967F98-DEC9-4674-8E50-77C384A9EB45}.Release|x86.Build.0 = Release|Win32
		{3EEBCBE0-38F9-45E1-833A-83649D730218}.Debug|Any CPU.ActiveCfg = Debug|Win32
		{3EEBCBE0-38F9-45E1-833A-83649D730218}.Debug|x86.ActiveCfg = Debug|Win32
		{3EEBCBE0-38F9-45E1-833A-83649D730218}.Debug|x86.Build.0 = Debug|Win32
		{3EEBCBE0-38F9-45E1-833A-83649D730218}.Release|Any CPU.ActiveCfg = Release|Win32
		{3EEBCBE0-38F9-45E1-833A-83649D730218}.Release|x86.ActiveCfg = Release|Win32
		{3EEBCBE0-38F9-45E1-833A-83649D730218}.Release|x86.Build.0 = Release|Win32
		{B31FF560-FFE7-4316-B822-9D10E0C0C12C}.Debug|Any CPU.ActiveCfg = Debug|Win32
		{B31FF560-FFE7-4316-B822-9D10E0C0C12C}.Debug|x86.ActiveCfg = Debug|Win32
		{B31FF560-FFE7-4316-B822-9D10E0C0C12C}.Debug|x86.Build.0 = Debug|Win32
		{B31FF560-FFE7-4316-B822-9D10E0C0C12C}.Release|Any CPU.ActiveCfg = Release|Win32
		{B31FF560-FFE7-4316-B822-9D10E0C0C12C}.Release|x86.ActiveCfg = Release|Win32
		{B31FF560-FFE7-4316-B822-9D10E0C0C12C}.Release|x86.Build.0 = Release|Win32
		{0035DE4B-67C3-4DFD-AC15-31AD8FEFF095}.Debug|Any CPU.ActiveCfg = Debug|Win32
		{0035DE4B-67C3-4DFD-AC15-31AD8FEFF095}.Debug|x86.ActiveCfg = Debug|Win32
		{0035DE4B-67C3-4DFD-AC15-31AD8FEFF095}.Debug|x86.Build.0 = Debug|Win32
		{0035DE4B-67C3-4DFD-AC15-31AD8FEFF095}.Release|Any CPU.ActiveCfg = Release|Win32
		{0035DE4B-67C3-4DFD-AC15-31AD8FEFF095}.Release|x86.ActiveCfg = Release|Win32
		{0035DE4B-67C3-4DFD-AC15-31AD8FEFF095}.Release|x86.Build.0 = Release|Win32
		{1DC0C5E0-02FD-4EB4-AA3F-2797A903678B}.Debug|Any CPU.ActiveCfg = Debug|Win32
		{1DC0C5E0-02FD-4EB4-AA3F-2797A903678B}.Debug|x86.ActiveCfg = Debug|Win32
		{1DC0C5E0-02FD-4EB4-AA3F-2797A903678B}.Debug|x86.Build.0 = Debug|Win32
		{1DC0C5E0-02FD-4EB4-AA3F-2797A903678B}.Release|Any CPU.ActiveCfg = Release|Win32
		{1DC0C5E0-02FD-4EB4-AA3F-2797A903678B}.Release|x86.ActiveCfg = Release|Win32
		{1DC0C5E0-02FD-4EB4-AA3F-2797A903678B}.Release|x86.Build.0 = Release|Win32
		{C7DE2A55-F4A4-495A-B294-F83D5D9DB9A5}.Debug|Any CPU.ActiveCfg = Debug|Win32
		{C7DE2A55-F4A4-495A-B294-F83D5D9DB9A5}.Debug|x86.ActiveCfg = Debug|Win32
		{C7DE2A55-F4A4-495A-B294-F83D5D9DB9A5}.Debug|x86.Build.0 = Debug|Win32
		{C7DE2A55-F4A4-495A-B294-F83D5D9DB9A5}.Release|Any CPU.ActiveCfg = Release|Win32
		{C7DE2A55-F4A4-495A-B294-F83D5D9DB9A5}.Release|x86.ActiveCfg = Release|Win32
		{C7DE2A55-F4A4-495A-B294-F83D5D9DB9A5}.Release|x86.Build.0 = Release|Win32
		{E40C4A50-AB04-4B9A-BDF9-AD01C662831C}.Debug|Any CPU.ActiveCfg = Debug|Win32
		{E40C4A50-AB04-4B9A-BDF9-AD01C662831C}.Debug|x86.ActiveCfg = Debug|Win32
		{E40C4A50-AB04-4B9A-BDF9-AD01C662831C}.Debug|x86.Build.0 = Debug|Win32
		{E40C4A50-AB04-4B9A-BDF9-AD01C662831C}.Release|Any CPU.ActiveCfg = Release|Win32
		{E40C4A50-AB04-4B9A-BDF9-AD01C662831C}.Release|x86.ActiveCfg = Release|Win32
		{E40C4A50-AB04-4B9A-BDF9-AD01C662831C}.Release|x86.Build.0 = Release|Win32
		{A6917369-CAEA-434C-8B96-6E12DC5D9FF0}.Debug|Any CPU.ActiveCfg = Debug|Win32
		{A6917369-CAEA-434C-8B96-6E12DC5D9FF0}.Debug|x86.ActiveCfg = Debug|Win32
		{A6917369-CAEA-434C-8B96-6E12DC5D9FF0}.Debug|x86.Build.0 = Debug|Win32
		{A6917369-CAEA-434C-8B96-6E12DC5D9FF0}.Release|Any CPU.ActiveCfg = Release|Win32
		{A6917369-CAEA-434C-8B96-6E12DC5D9FF0}.Release|x86.ActiveCfg = Release|Win32
		{A6917369-CAEA-434C-8B96-6E12DC5D9FF0}.Release|x86.Build.0 = Release|Win32
		{AED09D11-C05A-49A3-83B6-2360BE86E41A}.Debug|Any CPU.ActiveCfg = Debug|Win32
		{AED09D11-C05A-49A3-83B6-2360BE86E41A}.Debug|x86.ActiveCfg = Debug|Win32
		{AED09D11-C05A-49A3-83B6-2360BE86E41A}.Debug|x86.Build.0 = Debug|Win32
		{AED09D11-C05A-49A3-83B6-2360BE86E41A}.Release|Any CPU.ActiveCfg = Release|Win32
		{AED09D11-C05A-49A3-83B6-2360BE86E41A}.Release|x86.ActiveCfg = Release|Win32
		{AED09D11-C05A-49A3-83B6-2360BE86E41A}.Release|x86.Build.0 = Release|Win32
		{3D32FE17-183A-4F88-8F5E-A87E6C3448E3}.Debug|Any CPU.ActiveCfg = Debug|Win32
		{3D32FE17-183A-4F88-8F5E-A87E6C3448E3}.Debug|x86.ActiveCfg = Debug|Win32
		{3D32FE17-183A-4F88-8F5E-A87E6C3448E3}.Debug|x86.Build.0 = Debug|Win32
		{3D32FE17-183A-4F88-8F5E-A87E6C3448E3}.Release|Any CPU.ActiveCfg = Release|Win32
		{3D32FE17-183A-4F88-8F5E-A87E6C3448E3}.Release|x86.ActiveCfg = Release|Win32
		{3D32FE17-183A-4F88-8F5E-A87E6C3448E3}.Release|x86.Build.0 = Release|Win32
		{97A9A729-01DE-4B64-8A5F-A6AA86F6B7A0}.Debug|Any CPU.ActiveCfg = Debug|Win32
		{97A9A729-01DE-4B64-8A5F-A6AA86F6B7A0}.Debug|x86.ActiveCfg = Debug|Win32
		{97A9A729-01DE-4B64-8A5F-A6AA86F6B7A0}.Debug|x86.Build.0 = Debug|Win32
		{97A9A729-01DE-4B64-8A5F-A6AA86F6B7A0}.Release|Any CPU.ActiveCfg = Release|Win32
		{97A9A729-01DE-4B64-8A5F-A6AA86F6B7A0}.Release|x86.ActiveCfg = Release|Win32
		{97A9A729-01DE-4B64-8A5F-A6AA86F6B7A0}.Release|x86.Build.0 = Release|Win32
		{5622137B-7FD4-45A2-9D48-CEA28ECB5C65}.Debug|Any CPU.ActiveCfg = Debug|Win32
		{5622137B-7FD4-45A2-9D48-CEA28ECB5C65}.Debug|x86.ActiveCfg = Debug|Win32
		{5622137B-7FD4-45A2-9D48-CEA28ECB5C65}.Debug|x86.Build.0 = Debug|Win32
		{5622137B-7FD4-45A2-9D48-CEA28ECB5C65}.Release|Any CPU.ActiveCfg = Release|Win32
		{5622137B-7FD4-45A2-9D48-CEA28ECB5C65}.Release|x86.ActiveCfg = Release|Win32
		{5622137B-7FD4-45A2-9D48-CEA28ECB5C65}.Release|x86.Build.0 = Release|Win32
		{6CFCEDD0-B468-45E7-8D26-1643413DACD3}.Debug|Any CPU.ActiveCfg = Debug|Win32
		{6CFCEDD0-B468-45E7-8D26-1643413DACD3}.Debug|x86.ActiveCfg = Debug|Win32
		{6CFCEDD0-B468-45E7-8D26-1643413DACD3}.Debug|x86.Build.0 = Debug|Win32
		{6CFCEDD0-B468-45E7-8D26-1643413DACD3}.Release|Any CPU.ActiveCfg = Release|Win32
		{6CFCEDD0-B468-45E7-8D26-1643413DACD3}.Release|x86.ActiveCfg = Release|Win32
		{6CFCEDD0-B468-45E7-8D26-1643413DACD3}.Release|x86.Build.0 = Release|Win32
		{487CF5A7-0162-4ABC-B3EB-ED9846353D22}.Debug|Any CPU.ActiveCfg = Debug|Win32
		{487CF5A7-0162-4ABC-B3EB-ED9846353D22}.Debug|x86.ActiveCfg = Debug|Win32
		{487CF5A7-0162-4ABC-B3EB-ED9846353D22}.Debug|x86.Build.0 = Debug|Win32
		{487CF5A7-0162-4ABC-B3EB-ED9846353D22}.Release|Any CPU.ActiveCfg = Release|Win32
		{487CF5A7-0162-4ABC-B3EB-ED9846353D22}.Release|x86.ActiveCfg = Release|Win32
		{487CF5A7-0162-4ABC-B3EB-ED9846353D22}.Release|x86.Build.0 = Release|Win32
		{CBECD621-4C29-489E-A622-6D11C400B935}.Debug|Any CPU.ActiveCfg = Debug|Win32
		{CBECD621-4C29-489E-A622-6D11C400B935}.Debug|x86.ActiveCfg = Debug|Win32
		{CBECD621-4C29-489E-A622-6D11C400B935}.Debug|x86.Build.0 = Debug|Win32
		{CBECD621-4C29-489E-A622-6D11C400B935}.Release|Any CPU.ActiveCfg = Release|Win32
		{CBECD621-4C29-489E-A622-6D11C400B935}.Release|x86.ActiveCfg = Release|Win32
		{CBECD621-4C29-489E-A622-6D11C400B935}.Release|x86.Build.0 = Release|Win32
	EndGlobalSection
	GlobalSection(SolutionProperties) = preSolution
		HideSolutionNode = FALSE
	EndGlobalSection
	GlobalSection(NestedProjects) = preSolution
		{6D3DE5BB-B869-4A96-A347-E21B74B0B5BB} = {F73B1116-DC7F-4CAF-8D0F-50432162F42A}
		{648BB76B-1C9E-4ACE-91A2-09D5038C292A} = {F73B1116-DC7F-4CAF-8D0F-50432162F42A}
		{ED3EDFE0-9DD6-42AF-B06E-402B76257BF9} = {F73B1116-DC7F-4CAF-8D0F-50432162F42A}
		{AEC10CE9-DD05-466F-B818-9C81182B2116} = {F73B1116-DC7F-4CAF-8D0F-50432162F42A}
		{AF7BD236-0BFF-4F7D-AF1B-58CBBA3FC004} = {F73B1116-DC7F-4CAF-8D0F-50432162F42A}
		{687C5082-4477-4980-B52F-FCE5F6C3FCB5} = {F73B1116-DC7F-4CAF-8D0F-50432162F42A}
		{49FD8AD1-5FB8-4B90-99D6-12B9095D0297} = {F73B1116-DC7F-4CAF-8D0F-50432162F42A}
		{CF7A15E2-EB2C-403F-9BD9-1980ABFDC7E0} = {F73B1116-DC7F-4CAF-8D0F-50432162F42A}
		{C3C990FF-B85A-4BD0-AD2A-7F56EDB15883} = {F73B1116-DC7F-4CAF-8D0F-50432162F42A}
		{BBEED32E-2265-4601-B011-8291405894F4} = {F73B1116-DC7F-4CAF-8D0F-50432162F42A}
		{8FED927B-9523-4D8A-92C8-1F1AD0C9F29B} = {F73B1116-DC7F-4CAF-8D0F-50432162F42A}
		{9CF5A4D2-F40D-43F9-934D-54C80F473859} = {F73B1116-DC7F-4CAF-8D0F-50432162F42A}
		{6BC80801-0D50-46DD-80AC-035E58DB9F09} = {F73B1116-DC7F-4CAF-8D0F-50432162F42A}
		{FBE387E1-3214-4763-B8E3-C96D69066413} = {F73B1116-DC7F-4CAF-8D0F-50432162F42A}
		{0B8C1DCD-D6CF-4DEE-8A49-80760B4966A0} = {F73B1116-DC7F-4CAF-8D0F-50432162F42A}
		{24E5F90F-B9BB-4D78-9531-D93774B21DF2} = {F73B1116-DC7F-4CAF-8D0F-50432162F42A}
		{DD409AF7-ED9F-4078-9180-FA1675A932CA} = {F73B1116-DC7F-4CAF-8D0F-50432162F42A}
		{DB36CB55-D9CB-41EF-866C-9DF116D81178} = {F73B1116-DC7F-4CAF-8D0F-50432162F42A}
		{0E3B53BC-4563-4DF6-A629-8A9383C217C6} = {F73B1116-DC7F-4CAF-8D0F-50432162F42A}
		{DAC38903-2421-410E-B0EC-D3F1A4881E68} = {F73B1116-DC7F-4CAF-8D0F-50432162F42A}
		{06FE9230-FC8F-4948-A8CE-BE31E5311F99} = {F73B1116-DC7F-4CAF-8D0F-50432162F42A}
		{405C1FED-16CA-433D-B303-2E438DBAF93F} = {F73B1116-DC7F-4CAF-8D0F-50432162F42A}
		{830916A7-B6C4-4784-823E-1E576BF504CD} = {F73B1116-DC7F-4CAF-8D0F-50432162F42A}
		{E927EF22-BFFB-4716-9968-0CBB8D33CD54} = {F73B1116-DC7F-4CAF-8D0F-50432162F42A}
		{15D9D0FD-714B-4ECD-B5B4-529294B4C20D} = {F73B1116-DC7F-4CAF-8D0F-50432162F42A}
		{89BB7AC0-F0C3-47C3-AF91-F7BE7A663605} = {F73B1116-DC7F-4CAF-8D0F-50432162F42A}
		{1644BD1B-0F86-4CE9-9AF0-694FF3F43950} = {F73B1116-DC7F-4CAF-8D0F-50432162F42A}
		{826A451A-18A1-4BAB-95F1-ADD86E69C000} = {F73B1116-DC7F-4CAF-8D0F-50432162F42A}
		{1A64625E-5359-47D0-84C5-BFA91CB8D7B1} = {F73B1116-DC7F-4CAF-8D0F-50432162F42A}
		{618810B7-38ED-479E-BD78-636BBF670226} = {F73B1116-DC7F-4CAF-8D0F-50432162F42A}
		{487FB63C-2429-484C-8F4E-C8E5C8DE12CE} = {F73B1116-DC7F-4CAF-8D0F-50432162F42A}
		{2E6552EC-F759-42E1-9755-0F4A253A4CA5} = {F73B1116-DC7F-4CAF-8D0F-50432162F42A}
		{704049DE-9C46-4E1A-8B9B-A35B81E3F5B0} = {F73B1116-DC7F-4CAF-8D0F-50432162F42A}
		{8B57BF31-FD96-4CCD-9570-0DDFCD7CF3DD} = {F73B1116-DC7F-4CAF-8D0F-50432162F42A}
		{6932991F-9702-4842-960E-98936996E99B} = {F73B1116-DC7F-4CAF-8D0F-50432162F42A}
		{394353CF-65A6-4F40-B95F-B6789BC0B11B} = {F73B1116-DC7F-4CAF-8D0F-50432162F42A}
		{2D278A6B-7DF9-4495-AD4D-CA8073CD8E73} = {F73B1116-DC7F-4CAF-8D0F-50432162F42A}
		{3C271B10-C7F5-496B-B212-024A05325B2A} = {F73B1116-DC7F-4CAF-8D0F-50432162F42A}
		{08A6B678-5456-4401-BCE9-C2AC306063BA} = {F73B1116-DC7F-4CAF-8D0F-50432162F42A}
		{615CF6EE-4ACB-4FA3-A1D6-2C96C3742FEC} = {F73B1116-DC7F-4CAF-8D0F-50432162F42A}
		{72B6C9A3-D25B-4368-8711-8992505438F8} = {5B7090F6-3302-4E5C-B048-DAF8AA6EE7B0}
		{D4934CB9-0F71-425A-A397-64CA8B6144BF} = {5B7090F6-3302-4E5C-B048-DAF8AA6EE7B0}
		{C0FBEAE2-D32F-482E-9296-AA2B7D5E71DE} = {5B7090F6-3302-4E5C-B048-DAF8AA6EE7B0}
		{DC967F98-DEC9-4674-8E50-77C384A9EB45} = {5B7090F6-3302-4E5C-B048-DAF8AA6EE7B0}
		{3EEBCBE0-38F9-45E1-833A-83649D730218} = {5B7090F6-3302-4E5C-B048-DAF8AA6EE7B0}
		{B31FF560-FFE7-4316-B822-9D10E0C0C12C} = {5B7090F6-3302-4E5C-B048-DAF8AA6EE7B0}
		{0035DE4B-67C3-4DFD-AC15-31AD8FEFF095} = {5B7090F6-3302-4E5C-B048-DAF8AA6EE7B0}
		{1DC0C5E0-02FD-4EB4-AA3F-2797A903678B} = {5B7090F6-3302-4E5C-B048-DAF8AA6EE7B0}
		{C7DE2A55-F4A4-495A-B294-F83D5D9DB9A5} = {5B7090F6-3302-4E5C-B048-DAF8AA6EE7B0}
		{E40C4A50-AB04-4B9A-BDF9-AD01C662831C} = {5B7090F6-3302-4E5C-B048-DAF8AA6EE7B0}
		{A6917369-CAEA-434C-8B96-6E12DC5D9FF0} = {5B7090F6-3302-4E5C-B048-DAF8AA6EE7B0}
		{AED09D11-C05A-49A3-83B6-2360BE86E41A} = {5B7090F6-3302-4E5C-B048-DAF8AA6EE7B0}
		{3D32FE17-183A-4F88-8F5E-A87E6C3448E3} = {508A42E3-E066-41E6-BE41-6E1E5ED3EB06}
		{97A9A729-01DE-4B64-8A5F-A6AA86F6B7A0} = {508A42E3-E066-41E6-BE41-6E1E5ED3EB06}
		{5622137B-7FD4-45A2-9D48-CEA28ECB5C65} = {508A42E3-E066-41E6-BE41-6E1E5ED3EB06}
		{6CFCEDD0-B468-45E7-8D26-1643413DACD3} = {508A42E3-E066-41E6-BE41-6E1E5ED3EB06}
		{487CF5A7-0162-4ABC-B3EB-ED9846353D22} = {508A42E3-E066-41E6-BE41-6E1E5ED3EB06}
		{CBECD621-4C29-489E-A622-6D11C400B935} = {508A42E3-E066-41E6-BE41-6E1E5ED3EB06}
	EndGlobalSection
EndGlobal
